# @generated by Move, please check-in and do not edit manually.

[move]
version = 3
manifest_digest = "2677D4C6C7B9501602D4CAE1BA4BF820FF69E47E471059505A81E3AC98947D01"
deps_digest = "F8BBB0CCB2491CA29A3DF03D6F92277A4F3574266507ACD77214D37ECA3F3082"
dependencies = [
  { id = "Sui", name = "Sui" },
]

[[move.package]]
id = "MoveStdlib"
source = { git = "https://github.com/MystenLabs/sui.git", rev = "framework/testnet", subdir = "crates/sui-framework/packages/move-stdlib" }

[[move.package]]
id = "Sui"
source = { git = "https://github.com/MystenLabs/sui.git", rev = "framework/testnet", subdir = "crates/sui-framework/packages/sui-framework" }

dependencies = [
  { id = "MoveStdlib", name = "MoveStdlib" },
]

[move.toolchain-version]
compiler-version = "1.43.1"
edition = "2024.beta"
flavor = "sui"

[env]

[env.testnet]
chain-id = "4c78adac"
original-published-id = "0x661d06968ea59e10213d7535ab43db67ccb83576221ea3e334fb462b209a3941"
latest-published-id = "0x661d06968ea59e10213d7535ab43db67ccb83576221ea3e334fb462b209a3941"
published-version = "1"
